
Microsoft Visual Studio Solution File, Format Version 12.00
# Visual Studio Version 17
VisualStudioVersion = 17.1.32328.378
MinimumVisualStudioVersion = 10.0.40219.1
Project("{9A19103F-16F7-4668-BE54-9A1E7A4F7556}") = "Barbie.Core", "Barbie.Core\Barbie.Core.csproj", "{12A9B281-8365-4080-93B4-883249EA7165}"
EndProject
Project("{9A19103F-16F7-4668-BE54-9A1E7A4F7556}") = "Barbie.Repositories", "Barbie.Repositories\Barbie.Repositories.csproj", "{06AAF785-0A8F-473A-9C81-36CE2E4F441D}"
EndProject
Project("{FAE04EC0-301F-11D3-BF4B-00C04F79EFBC}") = "Barbie.WebApp", "Barbie.WebApp\Barbie.WebApp.csproj", "{796D07BD-65B9-4AC9-981B-7F3FEDE94484}"
EndProject
Global
	GlobalSection(SolutionConfigurationPlatforms) = preSolution
		Debug|Any CPU = Debug|Any CPU
		Release|Any CPU = Release|Any CPU
	EndGlobalSection
	GlobalSection(ProjectConfigurationPlatforms) = postSolution
		{12A9B281-8365-4080-93B4-883249EA7165}.Debug|Any CPU.ActiveCfg = Debug|Any CPU
		{12A9B281-8365-4080-93B4-883249EA7165}.Debug|Any CPU.Build.0 = Debug|Any CPU
		{12A9B281-8365-4080-93B4-883249EA7165}.Release|Any CPU.ActiveCfg = Release|Any CPU
		{12A9B281-8365-4080-93B4-883249EA7165}.Release|Any CPU.Build.0 = Release|Any CPU
		{06AAF785-0A8F-473A-9C81-36CE2E4F441D}.Debug|Any CPU.ActiveCfg = Debug|Any CPU
		{06AAF785-0A8F-473A-9C81-36CE2E4F441D}.Debug|Any CPU.Build.0 = Debug|Any CPU
		{06AAF785-0A8F-473A-9C81-36CE2E4F441D}.Release|Any CPU.ActiveCfg = Release|Any CPU
		{06AAF785-0A8F-473A-9C81-36CE2E4F441D}.Release|Any CPU.Build.0 = Release|Any CPU
		{796D07BD-65B9-4AC9-981B-7F3FEDE94484}.Debug|Any CPU.ActiveCfg = Debug|Any CPU
		{796D07BD-65B9-4AC9-981B-7F3FEDE94484}.Debug|Any CPU.Build.0 = Debug|Any CPU
		{796D07BD-65B9-4AC9-981B-7F3FEDE94484}.Release|Any CPU.ActiveCfg = Release|Any CPU
		{796D07BD-65B9-4AC9-981B-7F3FEDE94484}.Release|Any CPU.Build.0 = Release|Any CPU
	EndGlobalSection
	GlobalSection(SolutionProperties) = preSolution
		HideSolutionNode = FALSE
	EndGlobalSection
	GlobalSection(ExtensibilityGlobals) = postSolution
		SolutionGuid = {7CD7E895-A644-4321-9D01-172DCD070FC4}
	EndGlobalSection
EndGlobal
